
Microsoft Visual Studio Solution File, Format Version 12.00
# Visual Studio Version 17
VisualStudioVersion = 17.6.33829.357
MinimumVisualStudioVersion = 10.0.40219.1
Project("{9A19103F-16F7-4668-BE54-9A1E7A4F7556}") = "NHibernateExample.UnchangedEntityUpdated", "NHibernateExample.UnchangedEntityUpdated\NHibernateExample.UnchangedEntityUpdated.csproj", "{EE113732-79BC-4D57-9DFC-7B7BDC8B22C5}"
EndProject
Project("{2150E333-8FDC-42A3-9474-1A3956D46DE8}") = "Solution Items", "Solution Items", "{F53D6B66-FAFC-4FC1-9942-F0F6DC8A8B4D}"
	ProjectSection(SolutionItems) = preProject
		Directory.Build.props = Directory.Build.props
	EndProjectSection
EndProject
Global
	GlobalSection(SolutionConfigurationPlatforms) = preSolution
		Debug|Any CPU = Debug|Any CPU
		Release|Any CPU = Release|Any CPU
	EndGlobalSection
	GlobalSection(ProjectConfigurationPlatforms) = postSolution
		{EE113732-79BC-4D57-9DFC-7B7BDC8B22C5}.Debug|Any CPU.ActiveCfg = Debug|Any CPU
		{EE113732-79BC-4D57-9DFC-7B7BDC8B22C5}.Debug|Any CPU.Build.0 = Debug|Any CPU
		{EE113732-79BC-4D57-9DFC-7B7BDC8B22C5}.Release|Any CPU.ActiveCfg = Release|Any CPU
		{EE113732-79BC-4D57-9DFC-7B7BDC8B22C5}.Release|Any CPU.Build.0 = Release|Any CPU
	EndGlobalSection
	GlobalSection(SolutionProperties) = preSolution
		HideSolutionNode = FALSE
	EndGlobalSection
	GlobalSection(ExtensibilityGlobals) = postSolution
		SolutionGuid = {282CBBED-BF74-4F97-A706-2D858433BD6F}
	EndGlobalSection
EndGlobal
